
Microsoft Visual Studio Solution File, Format Version 12.00
# Visual Studio Version 17
VisualStudioVersion = 17.10.35122.118
MinimumVisualStudioVersion = 10.0.40219.1
Project("{FAE04EC0-301F-11D3-BF4B-00C04F79EFBC}") = "calculadora", "calculadora\calculadora.csproj", "{F3310B48-50D1-4E4C-9EFD-11C4B79A84AB}"
EndProject
Global
	GlobalSection(SolutionConfigurationPlatforms) = preSolution
		Debug|Any CPU = Debug|Any CPU
		Release|Any CPU = Release|Any CPU
	EndGlobalSection
	GlobalSection(ProjectConfigurationPlatforms) = postSolution
		{F3310B48-50D1-4E4C-9EFD-11C4B79A84AB}.Debug|Any CPU.ActiveCfg = Debug|Any CPU
		{F3310B48-50D1-4E4C-9EFD-11C4B79A84AB}.Debug|Any CPU.Build.0 = Debug|Any CPU
		{F3310B48-50D1-4E4C-9EFD-11C4B79A84AB}.Release|Any CPU.ActiveCfg = Release|Any CPU
		{F3310B48-50D1-4E4C-9EFD-11C4B79A84AB}.Release|Any CPU.Build.0 = Release|Any CPU
	EndGlobalSection
	GlobalSection(SolutionProperties) = preSolution
		HideSolutionNode = FALSE
	EndGlobalSection
	GlobalSection(ExtensibilityGlobals) = postSolution
		SolutionGuid = {3AF48F9C-F650-450F-89EB-CA26E4BE6167}
	EndGlobalSection
EndGlobal
